// !$*UTF8*$!
{
	archiveVersion = 1;
	classes = {
	};
	objectVersion = 50;
	objects = {

/* Begin PBXBuildFile section */
		113ED9CB1EA5A14E3B6562E1 /* Pods_JustRun.framework in Frameworks */ = {isa = PBXBuildFile; fileRef = DE3710C4C8E13D47998CE362 /* Pods_JustRun.framework */; };
		BB196281230537EB00A71030 /* AppDelegate.swift in Sources */ = {isa = PBXBuildFile; fileRef = BB196280230537EB00A71030 /* AppDelegate.swift */; };
		BB196283230537EB00A71030 /* ViewController.swift in Sources */ = {isa = PBXBuildFile; fileRef = BB196282230537EB00A71030 /* ViewController.swift */; };
		BB196288230537EC00A71030 /* Assets.xcassets in Resources */ = {isa = PBXBuildFile; fileRef = BB196287230537EC00A71030 /* Assets.xcassets */; };
		BB19628B230537EC00A71030 /* LaunchScreen.storyboard in Resources */ = {isa = PBXBuildFile; fileRef = BB196289230537EC00A71030 /* LaunchScreen.storyboard */; };
		BB196296230537EC00A71030 /* JustRunUITests.swift in Sources */ = {isa = PBXBuildFile; fileRef = BB196295230537EC00A71030 /* JustRunUITests.swift */; };
		BB1962A12305596500A71030 /* RunningViewController.swift in Sources */ = {isa = PBXBuildFile; fileRef = BB1962A02305596500A71030 /* RunningViewController.swift */; };
		FB1F38E4F9F236DCE692B3BF /* Pods_JustRunUITests.framework in Frameworks */ = {isa = PBXBuildFile; fileRef = C151EBBEDD65BFDE7643D276 /* Pods_JustRunUITests.framework */; };
/* End PBXBuildFile section */

/* Begin PBXContainerItemProxy section */
		BB196292230537EC00A71030 /* PBXContainerItemProxy */ = {
			isa = PBXContainerItemProxy;
			containerPortal = BB196275230537EB00A71030 /* Project object */;
			proxyType = 1;
			remoteGlobalIDString = BB19627C230537EB00A71030;
			remoteInfo = JustRun;
		};
/* End PBXContainerItemProxy section */

/* Begin PBXFileReference section */
		609BAFFA579C5380DC029CD4 /* Pods-JustRun.debug.xcconfig */ = {isa = PBXFileReference; includeInIndex = 1; lastKnownFileType = text.xcconfig; name = "Pods-JustRun.debug.xcconfig"; path = "Target Support Files/Pods-JustRun/Pods-JustRun.debug.xcconfig"; sourceTree = "<group>"; };
		71CF1D1DC710FA304DAF90F5 /* Pods-JustRunUITests.debug.xcconfig */ = {isa = PBXFileReference; includeInIndex = 1; lastKnownFileType = text.xcconfig; name = "Pods-JustRunUITests.debug.xcconfig"; path = "Target Support Files/Pods-JustRunUITests/Pods-JustRunUITests.debug.xcconfig"; sourceTree = "<group>"; };
		AF3E71CE0A61315650530EA2 /* Pods-JustRun.release.xcconfig */ = {isa = PBXFileReference; includeInIndex = 1; lastKnownFileType = text.xcconfig; name = "Pods-JustRun.release.xcconfig"; path = "Target Support Files/Pods-JustRun/Pods-JustRun.release.xcconfig"; sourceTree = "<group>"; };
		BB19627D230537EB00A71030 /* JustRun.app */ = {isa = PBXFileReference; explicitFileType = wrapper.application; includeInIndex = 0; path = JustRun.app; sourceTree = BUILT_PRODUCTS_DIR; };
		BB196280230537EB00A71030 /* AppDelegate.swift */ = {isa = PBXFileReference; lastKnownFileType = sourcecode.swift; path = AppDelegate.swift; sourceTree = "<group>"; };
		BB196282230537EB00A71030 /* ViewController.swift */ = {isa = PBXFileReference; lastKnownFileType = sourcecode.swift; path = ViewController.swift; sourceTree = "<group>"; };
		BB196287230537EC00A71030 /* Assets.xcassets */ = {isa = PBXFileReference; lastKnownFileType = folder.assetcatalog; path = Assets.xcassets; sourceTree = "<group>"; };
		BB19628A230537EC00A71030 /* Base */ = {isa = PBXFileReference; lastKnownFileType = file.storyboard; name = Base; path = Base.lproj/LaunchScreen.storyboard; sourceTree = "<group>"; };
		BB19628C230537EC00A71030 /* Info.plist */ = {isa = PBXFileReference; lastKnownFileType = text.plist.xml; path = Info.plist; sourceTree = "<group>"; };
		BB196291230537EC00A71030 /* JustRunUITests.xctest */ = {isa = PBXFileReference; explicitFileType = wrapper.cfbundle; includeInIndex = 0; path = JustRunUITests.xctest; sourceTree = BUILT_PRODUCTS_DIR; };
		BB196295230537EC00A71030 /* JustRunUITests.swift */ = {isa = PBXFileReference; lastKnownFileType = sourcecode.swift; path = JustRunUITests.swift; sourceTree = "<group>"; };
		BB196297230537EC00A71030 /* Info.plist */ = {isa = PBXFileReference; lastKnownFileType = text.plist.xml; path = Info.plist; sourceTree = "<group>"; };
		BB1962A02305596500A71030 /* RunningViewController.swift */ = {isa = PBXFileReference; lastKnownFileType = sourcecode.swift; path = RunningViewController.swift; sourceTree = "<group>"; };
		C151EBBEDD65BFDE7643D276 /* Pods_JustRunUITests.framework */ = {isa = PBXFileReference; explicitFileType = wrapper.framework; includeInIndex = 0; path = Pods_JustRunUITests.framework; sourceTree = BUILT_PRODUCTS_DIR; };
		DE3710C4C8E13D47998CE362 /* Pods_JustRun.framework */ = {isa = PBXFileReference; explicitFileType = wrapper.framework; includeInIndex = 0; path = Pods_JustRun.framework; sourceTree = BUILT_PRODUCTS_DIR; };
		EB22DBEB9C1637E6A59F11B2 /* Pods-JustRunUITests.release.xcconfig */ = {isa = PBXFileReference; includeInIndex = 1; lastKnownFileType = text.xcconfig; name = "Pods-JustRunUITests.release.xcconfig"; path = "Target Support Files/Pods-JustRunUITests/Pods-JustRunUITests.release.xcconfig"; sourceTree = "<group>"; };
/* End PBXFileReference section */

/* Begin PBXFrameworksBuildPhase section */
		BB19627A230537EB00A71030 /* Frameworks */ = {
			isa = PBXFrameworksBuildPhase;
			buildActionMask = 2147483647;
			files = (
				113ED9CB1EA5A14E3B6562E1 /* Pods_JustRun.framework in Frameworks */,
			);
			runOnlyForDeploymentPostprocessing = 0;
		};
		BB19628E230537EC00A71030 /* Frameworks */ = {
			isa = PBXFrameworksBuildPhase;
			buildActionMask = 2147483647;
			files = (
				FB1F38E4F9F236DCE692B3BF /* Pods_JustRunUITests.framework in Frameworks */,
			);
			runOnlyForDeploymentPostprocessing = 0;
		};
/* End PBXFrameworksBuildPhase section */

/* Begin PBXGroup section */
		8E7344E24D539947BB5D4FF0 /* Pods */ = {
			isa = PBXGroup;
			children = (
				609BAFFA579C5380DC029CD4 /* Pods-JustRun.debug.xcconfig */,
				AF3E71CE0A61315650530EA2 /* Pods-JustRun.release.xcconfig */,
				71CF1D1DC710FA304DAF90F5 /* Pods-JustRunUITests.debug.xcconfig */,
				EB22DBEB9C1637E6A59F11B2 /* Pods-JustRunUITests.release.xcconfig */,
			);
			name = Pods;
			path = Pods;
			sourceTree = "<group>";
		};
		BB196274230537EB00A71030 = {
			isa = PBXGroup;
			children = (
				BB19627F230537EB00A71030 /* JustRun */,
				BB196294230537EC00A71030 /* JustRunUITests */,
				BB19627E230537EB00A71030 /* Products */,
				8E7344E24D539947BB5D4FF0 /* Pods */,
				BCFD59FF14EF723A87E9004D /* Frameworks */,
			);
			sourceTree = "<group>";
		};
		BB19627E230537EB00A71030 /* Products */ = {
			isa = PBXGroup;
			children = (
				BB19627D230537EB00A71030 /* JustRun.app */,
				BB196291230537EC00A71030 /* JustRunUITests.xctest */,
			);
			name = Products;
			sourceTree = "<group>";
		};
		BB19627F230537EB00A71030 /* JustRun */ = {
			isa = PBXGroup;
			children = (
				BB196280230537EB00A71030 /* AppDelegate.swift */,
				BB196282230537EB00A71030 /* ViewController.swift */,
				BB196287230537EC00A71030 /* Assets.xcassets */,
				BB196289230537EC00A71030 /* LaunchScreen.storyboard */,
				BB19628C230537EC00A71030 /* Info.plist */,
				BB1962A02305596500A71030 /* RunningViewController.swift */,
			);
			path = JustRun;
			sourceTree = "<group>";
		};
		BB196294230537EC00A71030 /* JustRunUITests */ = {
			isa = PBXGroup;
			children = (
				BB196295230537EC00A71030 /* JustRunUITests.swift */,
				BB196297230537EC00A71030 /* Info.plist */,
			);
			path = JustRunUITests;
			sourceTree = "<group>";
		};
		BCFD59FF14EF723A87E9004D /* Frameworks */ = {
			isa = PBXGroup;
			children = (
				DE3710C4C8E13D47998CE362 /* Pods_JustRun.framework */,
				C151EBBEDD65BFDE7643D276 /* Pods_JustRunUITests.framework */,
			);
			name = Frameworks;
			sourceTree = "<group>";
		};
/* End PBXGroup section */

/* Begin PBXNativeTarget section */
		BB19627C230537EB00A71030 /* JustRun */ = {
			isa = PBXNativeTarget;
			buildConfigurationList = BB19629A230537EC00A71030 /* Build configuration list for PBXNativeTarget "JustRun" */;
			buildPhases = (
				8673F2D9965F7AE8AA92F79D /* [CP] Check Pods Manifest.lock */,
				BB196279230537EB00A71030 /* Sources */,
				BB19627A230537EB00A71030 /* Frameworks */,
				BB19627B230537EB00A71030 /* Resources */,
				64E059345DD143ECB377CC3D /* [CP] Embed Pods Frameworks */,
			);
			buildRules = (
			);
			dependencies = (
			);
			name = JustRun;
			productName = JustRun;
			productReference = BB19627D230537EB00A71030 /* JustRun.app */;
			productType = "com.apple.product-type.application";
		};
		BB196290230537EC00A71030 /* JustRunUITests */ = {
			isa = PBXNativeTarget;
			buildConfigurationList = BB19629D230537EC00A71030 /* Build configuration list for PBXNativeTarget "JustRunUITests" */;
			buildPhases = (
				B78B521869E771334A1C7733 /* [CP] Check Pods Manifest.lock */,
				BB19628D230537EC00A71030 /* Sources */,
				BB19628E230537EC00A71030 /* Frameworks */,
				BB19628F230537EC00A71030 /* Resources */,
			);
			buildRules = (
			);
			dependencies = (
				BB196293230537EC00A71030 /* PBXTargetDependency */,
			);
			name = JustRunUITests;
			productName = JustRunUITests;
			productReference = BB196291230537EC00A71030 /* JustRunUITests.xctest */;
			productType = "com.apple.product-type.bundle.ui-testing";
		};
/* End PBXNativeTarget section */

/* Begin PBXProject section */
		BB196275230537EB00A71030 /* Project object */ = {
			isa = PBXProject;
			attributes = {
				LastSwiftUpdateCheck = 1030;
				LastUpgradeCheck = 1030;
				ORGANIZATIONNAME = LULIANAPP;
				TargetAttributes = {
					BB19627C230537EB00A71030 = {
						CreatedOnToolsVersion = 10.3;
					};
					BB196290230537EC00A71030 = {
						CreatedOnToolsVersion = 10.3;
						TestTargetID = BB19627C230537EB00A71030;
					};
				};
			};
			buildConfigurationList = BB196278230537EB00A71030 /* Build configuration list for PBXProject "JustRun" */;
			compatibilityVersion = "Xcode 9.3";
			developmentRegion = en;
			hasScannedForEncodings = 0;
			knownRegions = (
				en,
				Base,
			);
			mainGroup = BB196274230537EB00A71030;
			productRefGroup = BB19627E230537EB00A71030 /* Products */;
			projectDirPath = "";
			projectRoot = "";
			targets = (
				BB19627C230537EB00A71030 /* JustRun */,
				BB196290230537EC00A71030 /* JustRunUITests */,
			);
		};
/* End PBXProject section */

/* Begin PBXResourcesBuildPhase section */
		BB19627B230537EB00A71030 /* Resources */ = {
			isa = PBXResourcesBuildPhase;
			buildActionMask = 2147483647;
			files = (
				BB19628B230537EC00A71030 /* LaunchScreen.storyboard in Resources */,
				BB196288230537EC00A71030 /* Assets.xcassets in Resources */,
			);
			runOnlyForDeploymentPostprocessing = 0;
		};
		BB19628F230537EC00A71030 /* Resources */ = {
			isa = PBXResourcesBuildPhase;
			buildActionMask = 2147483647;
			files = (
			);
			runOnlyForDeploymentPostprocessing = 0;
		};
/* End PBXResourcesBuildPhase section */

/* Begin PBXShellScriptBuildPhase section */
		64E059345DD143ECB377CC3D /* [CP] Embed Pods Frameworks */ = {
			isa = PBXShellScriptBuildPhase;
			buildActionMask = 2147483647;
			files = (
			);
			inputFileListPaths = (
				"${PODS_ROOT}/Target Support Files/Pods-JustRun/Pods-JustRun-frameworks-${CONFIGURATION}-input-files.xcfilelist",
			);
			name = "[CP] Embed Pods Frameworks";
			outputFileListPaths = (
				"${PODS_ROOT}/Target Support Files/Pods-JustRun/Pods-JustRun-frameworks-${CONFIGURATION}-output-files.xcfilelist",
			);
			runOnlyForDeploymentPostprocessing = 0;
			shellPath = /bin/sh;
			shellScript = "\"${PODS_ROOT}/Target Support Files/Pods-JustRun/Pods-JustRun-frameworks.sh\"\n";
			showEnvVarsInLog = 0;
		};
		8673F2D9965F7AE8AA92F79D /* [CP] Check Pods Manifest.lock */ = {
			isa = PBXShellScriptBuildPhase;
			buildActionMask = 2147483647;
			files = (
			);
			inputFileListPaths = (
			);
			inputPaths = (
				"${PODS_PODFILE_DIR_PATH}/Podfile.lock",
				"${PODS_ROOT}/Manifest.lock",
			);
			name = "[CP] Check Pods Manifest.lock";
			outputFileListPaths = (
			);
			outputPaths = (
				"$(DERIVED_FILE_DIR)/Pods-JustRun-checkManifestLockResult.txt",
			);
			runOnlyForDeploymentPostprocessing = 0;
			shellPath = /bin/sh;
			shellScript = "diff \"${PODS_PODFILE_DIR_PATH}/Podfile.lock\" \"${PODS_ROOT}/Manifest.lock\" > /dev/null\nif [ $? != 0 ] ; then\n    # print error to STDERR\n    echo \"error: The sandbox is not in sync with the Podfile.lock. Run 'pod install' or update your CocoaPods installation.\" >&2\n    exit 1\nfi\n# This output is used by Xcode 'outputs' to avoid re-running this script phase.\necho \"SUCCESS\" > \"${SCRIPT_OUTPUT_FILE_0}\"\n";
			showEnvVarsInLog = 0;
		};
		B78B521869E771334A1C7733 /* [CP] Check Pods Manifest.lock */ = {
			isa = PBXShellScriptBuildPhase;
			buildActionMask = 2147483647;
			files = (
			);
			inputFileListPaths = (
			);
			inputPaths = (
				"${PODS_PODFILE_DIR_PATH}/Podfile.lock",
				"${PODS_ROOT}/Manifest.lock",
			);
			name = "[CP] Check Pods Manifest.lock";
			outputFileListPaths = (
			);
			outputPaths = (
				"$(DERIVED_FILE_DIR)/Pods-JustRunUITests-checkManifestLockResult.txt",
			);
			runOnlyForDeploymentPostprocessing = 0;
			shellPath = /bin/sh;
			shellScript = "diff \"${PODS_PODFILE_DIR_PATH}/Podfile.lock\" \"${PODS_ROOT}/Manifest.lock\" > /dev/null\nif [ $? != 0 ] ; then\n    # print error to STDERR\n    echo \"error: The sandbox is not in sync with the Podfile.lock. Run 'pod install' or update your CocoaPods installation.\" >&2\n    exit 1\nfi\n# This output is used by Xcode 'outputs' to avoid re-running this script phase.\necho \"SUCCESS\" > \"${SCRIPT_OUTPUT_FILE_0}\"\n";
			showEnvVarsInLog = 0;
		};
/* End PBXShellScriptBuildPhase section */

/* Begin PBXSourcesBuildPhase section */
		BB196279230537EB00A71030 /* Sources */ = {
			isa = PBXSourcesBuildPhase;
			buildActionMask = 2147483647;
			files = (
				BB196283230537EB00A71030 /* ViewController.swift in Sources */,
				BB1962A12305596500A71030 /* RunningViewController.swift in Sources */,
				BB196281230537EB00A71030 /* AppDelegate.swift in Sources */,
			);
			runOnlyForDeploymentPostprocessing = 0;
		};
		BB19628D230537EC00A71030 /* Sources */ = {
			isa = PBXSourcesBuildPhase;
			buildActionMask = 2147483647;
			files = (
				BB196296230537EC00A71030 /* JustRunUITests.swift in Sources */,
			);
			runOnlyForDeploymentPostprocessing = 0;
		};
/* End PBXSourcesBuildPhase section */

/* Begin PBXTargetDependency section */
		BB196293230537EC00A71030 /* PBXTargetDependency */ = {
			isa = PBXTargetDependency;
			target = BB19627C230537EB00A71030 /* JustRun */;
			targetProxy = BB196292230537EC00A71030 /* PBXContainerItemProxy */;
		};
/* End PBXTargetDependency section */

/* Begin PBXVariantGroup section */
		BB196289230537EC00A71030 /* LaunchScreen.storyboard */ = {
			isa = PBXVariantGroup;
			children = (
				BB19628A230537EC00A71030 /* Base */,
			);
			name = LaunchScreen.storyboard;
			sourceTree = "<group>";
		};
/* End PBXVariantGroup section */

/* Begin XCBuildConfiguration section */
		BB196298230537EC00A71030 /* Debug */ = {
			isa = XCBuildConfiguration;
			buildSettings = {
				ALWAYS_SEARCH_USER_PATHS = NO;
				CLANG_ANALYZER_NONNULL = YES;
				CLANG_ANALYZER_NUMBER_OBJECT_CONVERSION = YES_AGGRESSIVE;
				CLANG_CXX_LANGUAGE_STANDARD = "gnu++14";
				CLANG_CXX_LIBRARY = "libc++";
				CLANG_ENABLE_MODULES = YES;
				CLANG_ENABLE_OBJC_ARC = YES;
				CLANG_ENABLE_OBJC_WEAK = YES;
				CLANG_WARN_BLOCK_CAPTURE_AUTORELEASING = YES;
				CLANG_WARN_BOOL_CONVERSION = YES;
				CLANG_WARN_COMMA = YES;
				CLANG_WARN_CONSTANT_CONVERSION = YES;
				CLANG_WARN_DEPRECATED_OBJC_IMPLEMENTATIONS = YES;
				CLANG_WARN_DIRECT_OBJC_ISA_USAGE = YES_ERROR;
				CLANG_WARN_DOCUMENTATION_COMMENTS = YES;
				CLANG_WARN_EMPTY_BODY = YES;
				CLANG_WARN_ENUM_CONVERSION = YES;
				CLANG_WARN_INFINITE_RECURSION = YES;
				CLANG_WARN_INT_CONVERSION = YES;
				CLANG_WARN_NON_LITERAL_NULL_CONVERSION = YES;
				CLANG_WARN_OBJC_IMPLICIT_RETAIN_SELF = YES;
				CLANG_WARN_OBJC_LITERAL_CONVERSION = YES;
				CLANG_WARN_OBJC_ROOT_CLASS = YES_ERROR;
				CLANG_WARN_RANGE_LOOP_ANALYSIS = YES;
				CLANG_WARN_STRICT_PROTOTYPES = YES;
				CLANG_WARN_SUSPICIOUS_MOVE = YES;
				CLANG_WARN_UNGUARDED_AVAILABILITY = YES_AGGRESSIVE;
				CLANG_WARN_UNREACHABLE_CODE = YES;
				CLANG_WARN__DUPLICATE_METHOD_MATCH = YES;
				CODE_SIGN_IDENTITY = "iPhone Developer";
				COPY_PHASE_STRIP = NO;
				DEBUG_INFORMATION_FORMAT = dwarf;
				ENABLE_STRICT_OBJC_MSGSEND = YES;
				ENABLE_TESTABILITY = YES;
				GCC_C_LANGUAGE_STANDARD = gnu11;
				GCC_DYNAMIC_NO_PIC = NO;
				GCC_NO_COMMON_BLOCKS = YES;
				GCC_OPTIMIZATION_LEVEL = 0;
				GCC_PREPROCESSOR_DEFINITIONS = (
					"DEBUG=1",
					"$(inherited)",
				);
				GCC_WARN_64_TO_32_BIT_CONVERSION = YES;
				GCC_WARN_ABOUT_RETURN_TYPE = YES_ERROR;
				GCC_WARN_UNDECLARED_SELECTOR = YES;
				GCC_WARN_UNINITIALIZED_AUTOS = YES_AGGRESSIVE;
				GCC_WARN_UNUSED_FUNCTION = YES;
				GCC_WARN_UNUSED_VARIABLE = YES;
				IPHONEOS_DEPLOYMENT_TARGET = 12.4;
				MTL_ENABLE_DEBUG_INFO = INCLUDE_SOURCE;
				MTL_FAST_MATH = YES;
				ONLY_ACTIVE_ARCH = YES;
				SDKROOT = iphoneos;
				SWIFT_ACTIVE_COMPILATION_CONDITIONS = DEBUG;
				SWIFT_OPTIMIZATION_LEVEL = "-Onone";
			};
			name = Debug;
		};
		BB196299230537EC00A71030 /* Release */ = {
			isa = XCBuildConfiguration;
			buildSettings = {
				ALWAYS_SEARCH_USER_PATHS = NO;
				CLANG_ANALYZER_NONNULL = YES;
				CLANG_ANALYZER_NUMBER_OBJECT_CONVERSION = YES_AGGRESSIVE;
				CLANG_CXX_LANGUAGE_STANDARD = "gnu++14";
				CLANG_CXX_LIBRARY = "libc++";
				CLANG_ENABLE_MODULES = YES;
				CLANG_ENABLE_OBJC_ARC = YES;
				CLANG_ENABLE_OBJC_WEAK = YES;
				CLANG_WARN_BLOCK_CAPTURE_AUTORELEASING = YES;
				CLANG_WARN_BOOL_CONVERSION = YES;
				CLANG_WARN_COMMA = YES;
				CLANG_WARN_CONSTANT_CONVERSION = YES;
				CLANG_WARN_DEPRECATED_OBJC_IMPLEMENTATIONS = YES;
				CLANG_WARN_DIRECT_OBJC_ISA_USAGE = YES_ERROR;
				CLANG_WARN_DOCUMENTATION_COMMENTS = YES;
				CLANG_WARN_EMPTY_BODY = YES;
				CLANG_WARN_ENUM_CONVERSION = YES;
				CLANG_WARN_INFINITE_RECURSION = YES;
				CLANG_WARN_INT_CONVERSION = YES;
				CLANG_WARN_NON_LITERAL_NULL_CONVERSION = YES;
				CLANG_WARN_OBJC_IMPLICIT_RETAIN_SELF = YES;
				CLANG_WARN_OBJC_LITERAL_CONVERSION = YES;
				CLANG_WARN_OBJC_ROOT_CLASS = YES_ERROR;
				CLANG_WARN_RANGE_LOOP_ANALYSIS = YES;
				CLANG_WARN_STRICT_PROTOTYPES = YES;
				CLANG_WARN_SUSPICIOUS_MOVE = YES;
				CLANG_WARN_UNGUARDED_AVAILABILITY = YES_AGGRESSIVE;
				CLANG_WARN_UNREACHABLE_CODE = YES;
				CLANG_WARN__DUPLICATE_METHOD_MATCH = YES;
				CODE_SIGN_IDENTITY = "iPhone Developer";
				COPY_PHASE_STRIP = NO;
				DEBUG_INFORMATION_FORMAT = "dwarf-with-dsym";
				ENABLE_NS_ASSERTIONS = NO;
				ENABLE_STRICT_OBJC_MSGSEND = YES;
				GCC_C_LANGUAGE_STANDARD = gnu11;
				GCC_NO_COMMON_BLOCKS = YES;
				GCC_WARN_64_TO_32_BIT_CONVERSION = YES;
				GCC_WARN_ABOUT_RETURN_TYPE = YES_ERROR;
				GCC_WARN_UNDECLARED_SELECTOR = YES;
				GCC_WARN_UNINITIALIZED_AUTOS = YES_AGGRESSIVE;
				GCC_WARN_UNUSED_FUNCTION = YES;
				GCC_WARN_UNUSED_VARIABLE = YES;
				IPHONEOS_DEPLOYMENT_TARGET = 12.4;
				MTL_ENABLE_DEBUG_INFO = NO;
				MTL_FAST_MATH = YES;
				SDKROOT = iphoneos;
				SWIFT_COMPILATION_MODE = wholemodule;
				SWIFT_OPTIMIZATION_LEVEL = "-O";
				VALIDATE_PRODUCT = YES;
			};
			name = Release;
		};
		BB19629B230537EC00A71030 /* Debug */ = {
			isa = XCBuildConfiguration;
			baseConfigurationReference = 609BAFFA579C5380DC029CD4 /* Pods-JustRun.debug.xcconfig */;
			buildSettings = {
				ASSETCATALOG_COMPILER_APPICON_NAME = AppIcon;
				CODE_SIGN_STYLE = Automatic;
				DEVELOPMENT_TEAM = LSG96244ZQ;
				INFOPLIST_FILE = JustRun/Info.plist;
				IPHONEOS_DEPLOYMENT_TARGET = 11.0;
				LD_RUNPATH_SEARCH_PATHS = (
					"$(inherited)",
					"@executable_path/Frameworks",
				);
				PRODUCT_BUNDLE_IDENTIFIER = com.fakeaddress.JustRun;
				PRODUCT_NAME = "$(TARGET_NAME)";
				SWIFT_VERSION = 5.0;
				TARGETED_DEVICE_FAMILY = "1,2";
			};
			name = Debug;
		};
		BB19629C230537EC00A71030 /* Release */ = {
			isa = XCBuildConfiguration;
			baseConfigurationReference = AF3E71CE0A61315650530EA2 /* Pods-JustRun.release.xcconfig */;
			buildSettings = {
				ASSETCATALOG_COMPILER_APPICON_NAME = AppIcon;
				CODE_SIGN_STYLE = Automatic;
				DEVELOPMENT_TEAM = LSG96244ZQ;
				INFOPLIST_FILE = JustRun/Info.plist;
				IPHONEOS_DEPLOYMENT_TARGET = 11.0;
				LD_RUNPATH_SEARCH_PATHS = (
					"$(inherited)",
					"@executable_path/Frameworks",
				);
				PRODUCT_BUNDLE_IDENTIFIER = com.fakeaddress.JustRun;
				PRODUCT_NAME = "$(TARGET_NAME)";
				SWIFT_VERSION = 5.0;
				TARGETED_DEVICE_FAMILY = "1,2";
			};
			name = Release;
		};
		BB19629E230537EC00A71030 /* Debug */ = {
			isa = XCBuildConfiguration;
			baseConfigurationReference = 71CF1D1DC710FA304DAF90F5 /* Pods-JustRunUITests.debug.xcconfig */;
			buildSettings = {
				ALWAYS_EMBED_SWIFT_STANDARD_LIBRARIES = YES;
				CODE_SIGN_STYLE = Automatic;
				DEVELOPMENT_TEAM = LSG96244ZQ;
				INFOPLIST_FILE = JustRunUITests/Info.plist;
				LD_RUNPATH_SEARCH_PATHS = (
					"$(inherited)",
					"@executable_path/Frameworks",
					"@loader_path/Frameworks",
				);
				PRODUCT_BUNDLE_IDENTIFIER = com.fakeaddress.JustRunUITests;
				PRODUCT_NAME = "$(TARGET_NAME)";
				SWIFT_VERSION = 5.0;
				TARGETED_DEVICE_FAMILY = "1,2";
				TEST_TARGET_NAME = JustRun;
			};
			name = Debug;
		};
		BB19629F230537EC00A71030 /* Release */ = {
			isa = XCBuildConfiguration;
			baseConfigurationReference = EB22DBEB9C1637E6A59F11B2 /* Pods-JustRunUITests.release.xcconfig */;
			buildSettings = {
				ALWAYS_EMBED_SWIFT_STANDARD_LIBRARIES = YES;
				CODE_SIGN_STYLE = Automatic;
				DEVELOPMENT_TEAM = LSG96244ZQ;
				INFOPLIST_FILE = JustRunUITests/Info.plist;
				LD_RUNPATH_SEARCH_PATHS = (
					"$(inherited)",
					"@executable_path/Frameworks",
					"@loader_path/Frameworks",
				);
				PRODUCT_BUNDLE_IDENTIFIER = com.fakeaddress.JustRunUITests;
				PRODUCT_NAME = "$(TARGET_NAME)";
				SWIFT_VERSION = 5.0;
				TARGETED_DEVICE_FAMILY = "1,2";
				TEST_TARGET_NAME = JustRun;
			};
			name = Release;
		};
/* End XCBuildConfiguration section */

/* Begin XCConfigurationList section */
		BB196278230537EB00A71030 /* Build configuration list for PBXProject "JustRun" */ = {
			isa = XCConfigurationList;
			buildConfigurations = (
				BB196298230537EC00A71030 /* Debug */,
				BB196299230537EC00A71030 /* Release */,
			);
			defaultConfigurationIsVisible = 0;
			defaultConfigurationName = Release;
		};
		BB19629A230537EC00A71030 /* Build configuration list for PBXNativeTarget "JustRun" */ = {
			isa = XCConfigurationList;
			buildConfigurations = (
				BB19629B230537EC00A71030 /* Debug */,
				BB19629C230537EC00A71030 /* Release */,
			);
			defaultConfigurationIsVisible = 0;
			defaultConfigurationName = Release;
		};
		BB19629D230537EC00A71030 /* Build configuration list for PBXNativeTarget "JustRunUITests" */ = {
			isa = XCConfigurationList;
			buildConfigurations = (
				BB19629E230537EC00A71030 /* Debug */,
				BB19629F230537EC00A71030 /* Release */,
			);
			defaultConfigurationIsVisible = 0;
			defaultConfigurationName = Release;
		};
/* End XCConfigurationList section */
	};
	rootObject = BB196275230537EB00A71030 /* Project object */;
}
